
Microsoft Visual Studio Solution File, Format Version 12.00
# Visual Studio Version 16
VisualStudioVersion = 16.0.30225.117
MinimumVisualStudioVersion = 10.0.40219.1
Project("{FAE04EC0-301F-11D3-BF4B-00C04F79EFBC}") = "TextBattle", "TextBattle\TextBattle.csproj", "{A69191F3-7212-4E73-BD8B-76EB53B2FC83}"
EndProject
Global
	GlobalSection(SolutionConfigurationPlatforms) = preSolution
		Debug|Any CPU = Debug|Any CPU
		Release|Any CPU = Release|Any CPU
	EndGlobalSection
	GlobalSection(ProjectConfigurationPlatforms) = postSolution
		{A69191F3-7212-4E73-BD8B-76EB53B2FC83}.Debug|Any CPU.ActiveCfg = Debug|Any CPU
		{A69191F3-7212-4E73-BD8B-76EB53B2FC83}.Debug|Any CPU.Build.0 = Debug|Any CPU
		{A69191F3-7212-4E73-BD8B-76EB53B2FC83}.Release|Any CPU.ActiveCfg = Release|Any CPU
		{A69191F3-7212-4E73-BD8B-76EB53B2FC83}.Release|Any CPU.Build.0 = Release|Any CPU
	EndGlobalSection
	GlobalSection(SolutionProperties) = preSolution
		HideSolutionNode = FALSE
	EndGlobalSection
	GlobalSection(ExtensibilityGlobals) = postSolution
		SolutionGuid = {2AFAB52B-969E-426A-8C97-17D5D582AB3A}
	EndGlobalSection
EndGlobal
